
Microsoft Visual Studio Solution File, Format Version 11.00
# Visual Studio 2010
Project("{FAE04EC0-301F-11D3-BF4B-00C04F79EFBC}") = "ONote", "ONote\ONote.csproj", "{481AC235-CA7C-438E-9DBD-11C9D4096B9D}"
EndProject
Project("{FAE04EC0-301F-11D3-BF4B-00C04F79EFBC}") = "ONote.Model", "ONote.Model\ONote.Model.csproj", "{67EB7C93-7517-4280-A4F3-A9EC57BE0EC5}"
EndProject
Project("{FAE04EC0-301F-11D3-BF4B-00C04F79EFBC}") = "ONote.IDao", "ONote.IDao\ONote.IDao.csproj", "{A4137B3B-6019-4775-87DD-EAC3DA8E5DFE}"
EndProject
Project("{FAE04EC0-301F-11D3-BF4B-00C04F79EFBC}") = "ONote.Common", "ONote.Common\ONote.Common.csproj", "{215FFADD-C899-4046-8962-7A8CC01D5B61}"
EndProject
Project("{FAE04EC0-301F-11D3-BF4B-00C04F79EFBC}") = "ONote.Dao", "ONote.Dao\ONote.Dao.csproj", "{727F7FC3-CB6F-4676-8E02-BF7DD122DF26}"
EndProject
Project("{FAE04EC0-301F-11D3-BF4B-00C04F79EFBC}") = "ONote.IService", "ONote.IService\ONote.IService.csproj", "{EAAC6918-D9F7-41D1-9BF9-B091AD0621A3}"
EndProject
Project("{FAE04EC0-301F-11D3-BF4B-00C04F79EFBC}") = "ONote.Service", "ONote.Service\ONote.Service.csproj", "{72AF04F6-1244-462E-8AFD-024D226C5919}"
EndProject
Project("{FAE04EC0-301F-11D3-BF4B-00C04F79EFBC}") = "UnitTest", "UnitTest\UnitTest.csproj", "{93A08D47-368A-47DE-85BF-750308F4176C}"
EndProject
Project("{2150E333-8FDC-42A3-9474-1A3956D46DE8}") = "Solution Items", "Solution Items", "{B3A569AC-334B-4390-AE1C-C2FD3726A0AC}"
	ProjectSection(SolutionItems) = preProject
		Local.testsettings = Local.testsettings
		ONote.vsmdi = ONote.vsmdi
		TraceAndTestImpact.testsettings = TraceAndTestImpact.testsettings
	EndProjectSection
EndProject
Project("{FAE04EC0-301F-11D3-BF4B-00C04F79EFBC}") = "ONote.Dto", "ONote.Dto\ONote.Dto.csproj", "{9DE3465E-A597-4660-8749-5D2026A8D53D}"
EndProject
Global
	GlobalSection(SubversionScc) = preSolution
		Svn-Managed = True
		Manager = AnkhSVN - Subversion Support for Visual Studio
	EndGlobalSection
	GlobalSection(TestCaseManagementSettings) = postSolution
		CategoryFile = ONote.vsmdi
	EndGlobalSection
	GlobalSection(SolutionConfigurationPlatforms) = preSolution
		Debug|Any CPU = Debug|Any CPU
		Debug|Mixed Platforms = Debug|Mixed Platforms
		Debug|x86 = Debug|x86
		Release|Any CPU = Release|Any CPU
		Release|Mixed Platforms = Release|Mixed Platforms
		Release|x86 = Release|x86
	EndGlobalSection
	GlobalSection(ProjectConfigurationPlatforms) = postSolution
		{481AC235-CA7C-438E-9DBD-11C9D4096B9D}.Debug|Any CPU.ActiveCfg = Debug|x86
		{481AC235-CA7C-438E-9DBD-11C9D4096B9D}.Debug|Mixed Platforms.ActiveCfg = Debug|x86
		{481AC235-CA7C-438E-9DBD-11C9D4096B9D}.Debug|Mixed Platforms.Build.0 = Debug|x86
		{481AC235-CA7C-438E-9DBD-11C9D4096B9D}.Debug|x86.ActiveCfg = Debug|x86
		{481AC235-CA7C-438E-9DBD-11C9D4096B9D}.Debug|x86.Build.0 = Debug|x86
		{481AC235-CA7C-438E-9DBD-11C9D4096B9D}.Release|Any CPU.ActiveCfg = Release|x86
		{481AC235-CA7C-438E-9DBD-11C9D4096B9D}.Release|Mixed Platforms.ActiveCfg = Release|x86
		{481AC235-CA7C-438E-9DBD-11C9D4096B9D}.Release|Mixed Platforms.Build.0 = Release|x86
		{481AC235-CA7C-438E-9DBD-11C9D4096B9D}.Release|x86.ActiveCfg = Release|x86
		{481AC235-CA7C-438E-9DBD-11C9D4096B9D}.Release|x86.Build.0 = Release|x86
		{67EB7C93-7517-4280-A4F3-A9EC57BE0EC5}.Debug|Any CPU.ActiveCfg = Debug|Any CPU
		{67EB7C93-7517-4280-A4F3-A9EC57BE0EC5}.Debug|Any CPU.Build.0 = Debug|Any CPU
		{67EB7C93-7517-4280-A4F3-A9EC57BE0EC5}.Debug|Mixed Platforms.ActiveCfg = Debug|Any CPU
		{67EB7C93-7517-4280-A4F3-A9EC57BE0EC5}.Debug|Mixed Platforms.Build.0 = Debug|Any CPU
		{67EB7C93-7517-4280-A4F3-A9EC57BE0EC5}.Debug|x86.ActiveCfg = Debug|Any CPU
		{67EB7C93-7517-4280-A4F3-A9EC57BE0EC5}.Release|Any CPU.ActiveCfg = Release|Any CPU
		{67EB7C93-7517-4280-A4F3-A9EC57BE0EC5}.Release|Any CPU.Build.0 = Release|Any CPU
		{67EB7C93-7517-4280-A4F3-A9EC57BE0EC5}.Release|Mixed Platforms.ActiveCfg = Release|Any CPU
		{67EB7C93-7517-4280-A4F3-A9EC57BE0EC5}.Release|Mixed Platforms.Build.0 = Release|Any CPU
		{67EB7C93-7517-4280-A4F3-A9EC57BE0EC5}.Release|x86.ActiveCfg = Release|Any CPU
		{A4137B3B-6019-4775-87DD-EAC3DA8E5DFE}.Debug|Any CPU.ActiveCfg = Debug|Any CPU
		{A4137B3B-6019-4775-87DD-EAC3DA8E5DFE}.Debug|Any CPU.Build.0 = Debug|Any CPU
		{A4137B3B-6019-4775-87DD-EAC3DA8E5DFE}.Debug|Mixed Platforms.ActiveCfg = Debug|Any CPU
		{A4137B3B-6019-4775-87DD-EAC3DA8E5DFE}.Debug|Mixed Platforms.Build.0 = Debug|Any CPU
		{A4137B3B-6019-4775-87DD-EAC3DA8E5DFE}.Debug|x86.ActiveCfg = Debug|Any CPU
		{A4137B3B-6019-4775-87DD-EAC3DA8E5DFE}.Release|Any CPU.ActiveCfg = Release|Any CPU
		{A4137B3B-6019-4775-87DD-EAC3DA8E5DFE}.Release|Any CPU.Build.0 = Release|Any CPU
		{A4137B3B-6019-4775-87DD-EAC3DA8E5DFE}.Release|Mixed Platforms.ActiveCfg = Release|Any CPU
		{A4137B3B-6019-4775-87DD-EAC3DA8E5DFE}.Release|Mixed Platforms.Build.0 = Release|Any CPU
		{A4137B3B-6019-4775-87DD-EAC3DA8E5DFE}.Release|x86.ActiveCfg = Release|Any CPU
		{215FFADD-C899-4046-8962-7A8CC01D5B61}.Debug|Any CPU.ActiveCfg = Debug|Any CPU
		{215FFADD-C899-4046-8962-7A8CC01D5B61}.Debug|Any CPU.Build.0 = Debug|Any CPU
		{215FFADD-C899-4046-8962-7A8CC01D5B61}.Debug|Mixed Platforms.ActiveCfg = Debug|Any CPU
		{215FFADD-C899-4046-8962-7A8CC01D5B61}.Debug|Mixed Platforms.Build.0 = Debug|Any CPU
		{215FFADD-C899-4046-8962-7A8CC01D5B61}.Debug|x86.ActiveCfg = Debug|Any CPU
		{215FFADD-C899-4046-8962-7A8CC01D5B61}.Release|Any CPU.ActiveCfg = Release|Any CPU
		{215FFADD-C899-4046-8962-7A8CC01D5B61}.Release|Any CPU.Build.0 = Release|Any CPU
		{215FFADD-C899-4046-8962-7A8CC01D5B61}.Release|Mixed Platforms.ActiveCfg = Release|Any CPU
		{215FFADD-C899-4046-8962-7A8CC01D5B61}.Release|Mixed Platforms.Build.0 = Release|Any CPU
		{215FFADD-C899-4046-8962-7A8CC01D5B61}.Release|x86.ActiveCfg = Release|Any CPU
		{727F7FC3-CB6F-4676-8E02-BF7DD122DF26}.Debug|Any CPU.ActiveCfg = Debug|Any CPU
		{727F7FC3-CB6F-4676-8E02-BF7DD122DF26}.Debug|Any CPU.Build.0 = Debug|Any CPU
		{727F7FC3-CB6F-4676-8E02-BF7DD122DF26}.Debug|Mixed Platforms.ActiveCfg = Debug|Any CPU
		{727F7FC3-CB6F-4676-8E02-BF7DD122DF26}.Debug|Mixed Platforms.Build.0 = Debug|Any CPU
		{727F7FC3-CB6F-4676-8E02-BF7DD122DF26}.Debug|x86.ActiveCfg = Debug|Any CPU
		{727F7FC3-CB6F-4676-8E02-BF7DD122DF26}.Release|Any CPU.ActiveCfg = Release|Any CPU
		{727F7FC3-CB6F-4676-8E02-BF7DD122DF26}.Release|Any CPU.Build.0 = Release|Any CPU
		{727F7FC3-CB6F-4676-8E02-BF7DD122DF26}.Release|Mixed Platforms.ActiveCfg = Release|Any CPU
		{727F7FC3-CB6F-4676-8E02-BF7DD122DF26}.Release|Mixed Platforms.Build.0 = Release|Any CPU
		{727F7FC3-CB6F-4676-8E02-BF7DD122DF26}.Release|x86.ActiveCfg = Release|Any CPU
		{EAAC6918-D9F7-41D1-9BF9-B091AD0621A3}.Debug|Any CPU.ActiveCfg = Debug|Any CPU
		{EAAC6918-D9F7-41D1-9BF9-B091AD0621A3}.Debug|Any CPU.Build.0 = Debug|Any CPU
		{EAAC6918-D9F7-41D1-9BF9-B091AD0621A3}.Debug|Mixed Platforms.ActiveCfg = Debug|Any CPU
		{EAAC6918-D9F7-41D1-9BF9-B091AD0621A3}.Debug|Mixed Platforms.Build.0 = Debug|Any CPU
		{EAAC6918-D9F7-41D1-9BF9-B091AD0621A3}.Debug|x86.ActiveCfg = Debug|Any CPU
		{EAAC6918-D9F7-41D1-9BF9-B091AD0621A3}.Release|Any CPU.ActiveCfg = Release|Any CPU
		{EAAC6918-D9F7-41D1-9BF9-B091AD0621A3}.Release|Any CPU.Build.0 = Release|Any CPU
		{EAAC6918-D9F7-41D1-9BF9-B091AD0621A3}.Release|Mixed Platforms.ActiveCfg = Release|Any CPU
		{EAAC6918-D9F7-41D1-9BF9-B091AD0621A3}.Release|Mixed Platforms.Build.0 = Release|Any CPU
		{EAAC6918-D9F7-41D1-9BF9-B091AD0621A3}.Release|x86.ActiveCfg = Release|Any CPU
		{72AF04F6-1244-462E-8AFD-024D226C5919}.Debug|Any CPU.ActiveCfg = Debug|Any CPU
		{72AF04F6-1244-462E-8AFD-024D226C5919}.Debug|Any CPU.Build.0 = Debug|Any CPU
		{72AF04F6-1244-462E-8AFD-024D226C5919}.Debug|Mixed Platforms.ActiveCfg = Debug|Any CPU
		{72AF04F6-1244-462E-8AFD-024D226C5919}.Debug|Mixed Platforms.Build.0 = Debug|Any CPU
		{72AF04F6-1244-462E-8AFD-024D226C5919}.Debug|x86.ActiveCfg = Debug|Any CPU
		{72AF04F6-1244-462E-8AFD-024D226C5919}.Release|Any CPU.ActiveCfg = Release|Any CPU
		{72AF04F6-1244-462E-8AFD-024D226C5919}.Release|Any CPU.Build.0 = Release|Any CPU
		{72AF04F6-1244-462E-8AFD-024D226C5919}.Release|Mixed Platforms.ActiveCfg = Release|Any CPU
		{72AF04F6-1244-462E-8AFD-024D226C5919}.Release|Mixed Platforms.Build.0 = Release|Any CPU
		{72AF04F6-1244-462E-8AFD-024D226C5919}.Release|x86.ActiveCfg = Release|Any CPU
		{93A08D47-368A-47DE-85BF-750308F4176C}.Debug|Any CPU.ActiveCfg = Debug|Any CPU
		{93A08D47-368A-47DE-85BF-750308F4176C}.Debug|Any CPU.Build.0 = Debug|Any CPU
		{93A08D47-368A-47DE-85BF-750308F4176C}.Debug|Mixed Platforms.ActiveCfg = Debug|Any CPU
		{93A08D47-368A-47DE-85BF-750308F4176C}.Debug|Mixed Platforms.Build.0 = Debug|Any CPU
		{93A08D47-368A-47DE-85BF-750308F4176C}.Debug|x86.ActiveCfg = Debug|Any CPU
		{93A08D47-368A-47DE-85BF-750308F4176C}.Release|Any CPU.ActiveCfg = Release|Any CPU
		{93A08D47-368A-47DE-85BF-750308F4176C}.Release|Any CPU.Build.0 = Release|Any CPU
		{93A08D47-368A-47DE-85BF-750308F4176C}.Release|Mixed Platforms.ActiveCfg = Release|Any CPU
		{93A08D47-368A-47DE-85BF-750308F4176C}.Release|Mixed Platforms.Build.0 = Release|Any CPU
		{93A08D47-368A-47DE-85BF-750308F4176C}.Release|x86.ActiveCfg = Release|Any CPU
		{9DE3465E-A597-4660-8749-5D2026A8D53D}.Debug|Any CPU.ActiveCfg = Debug|x86
		{9DE3465E-A597-4660-8749-5D2026A8D53D}.Debug|Mixed Platforms.ActiveCfg = Debug|x86
		{9DE3465E-A597-4660-8749-5D2026A8D53D}.Debug|Mixed Platforms.Build.0 = Debug|x86
		{9DE3465E-A597-4660-8749-5D2026A8D53D}.Debug|x86.ActiveCfg = Debug|x86
		{9DE3465E-A597-4660-8749-5D2026A8D53D}.Debug|x86.Build.0 = Debug|x86
		{9DE3465E-A597-4660-8749-5D2026A8D53D}.Release|Any CPU.ActiveCfg = Release|x86
		{9DE3465E-A597-4660-8749-5D2026A8D53D}.Release|Mixed Platforms.ActiveCfg = Release|x86
		{9DE3465E-A597-4660-8749-5D2026A8D53D}.Release|Mixed Platforms.Build.0 = Release|x86
		{9DE3465E-A597-4660-8749-5D2026A8D53D}.Release|x86.ActiveCfg = Release|x86
		{9DE3465E-A597-4660-8749-5D2026A8D53D}.Release|x86.Build.0 = Release|x86
	EndGlobalSection
	GlobalSection(SolutionProperties) = preSolution
		HideSolutionNode = FALSE
	EndGlobalSection
EndGlobal
